
Microsoft Visual Studio Solution File, Format Version 12.00
# Visual Studio 15
VisualStudioVersion = 15.0.28307.852
MinimumVisualStudioVersion = 10.0.40219.1
Project("{FAE04EC0-301F-11D3-BF4B-00C04F79EFBC}") = "EmployeeManagement.Data", "EmployeeManagement.Data\EmployeeManagement.Data.csproj", "{512C2CCD-F4B0-465A-A3CC-132E7A1890FE}"
EndProject
Project("{FAE04EC0-301F-11D3-BF4B-00C04F79EFBC}") = "EmployeeManagement.Entities.Dto", "EmployeeManagement.Entities.Dto\EmployeeManagement.Entities.Dto.csproj", "{CEC15D1F-8521-49FC-A7DD-F9975A312AAA}"
EndProject
Project("{FAE04EC0-301F-11D3-BF4B-00C04F79EFBC}") = "EmployeeManagement.ViewModels", "EmployeeManagement.ViewModels\EmployeeManagement.ViewModels.csproj", "{0EF6BBC0-ADE8-4359-A2CB-B6971DE9581C}"
EndProject
Project("{FAE04EC0-301F-11D3-BF4B-00C04F79EFBC}") = "EmployeeManagement.BusinessLogic", "EmployeeManagement.BusinessLogic\EmployeeManagement.BusinessLogic.csproj", "{A5ED600F-6B1D-4412-A36A-983EAD1E5FE5}"
EndProject
Project("{FAE04EC0-301F-11D3-BF4B-00C04F79EFBC}") = "EmployeeManagement.WebApi", "EmployeeManagement.WebApi\EmployeeManagement.WebApi.csproj", "{7D5E3824-D2DF-4B4E-8A74-35EA2DD66E1B}"
EndProject
Project("{FAE04EC0-301F-11D3-BF4B-00C04F79EFBC}") = "EmployeeManagement.ClientWebApi", "EmployeeManagement.ClientWebApi\EmployeeManagement.ClientWebApi.csproj", "{982B65D3-9010-4007-B29C-F828F0479AE0}"
EndProject
Project("{2150E333-8FDC-42A3-9474-1A3956D46DE8}") = "WebApps", "WebApps", "{0120FAFE-F103-47AF-B532-C370670F6729}"
EndProject
Global
	GlobalSection(SolutionConfigurationPlatforms) = preSolution
		Debug|Any CPU = Debug|Any CPU
		Release|Any CPU = Release|Any CPU
	EndGlobalSection
	GlobalSection(ProjectConfigurationPlatforms) = postSolution
		{512C2CCD-F4B0-465A-A3CC-132E7A1890FE}.Debug|Any CPU.ActiveCfg = Debug|Any CPU
		{512C2CCD-F4B0-465A-A3CC-132E7A1890FE}.Debug|Any CPU.Build.0 = Debug|Any CPU
		{512C2CCD-F4B0-465A-A3CC-132E7A1890FE}.Release|Any CPU.ActiveCfg = Release|Any CPU
		{512C2CCD-F4B0-465A-A3CC-132E7A1890FE}.Release|Any CPU.Build.0 = Release|Any CPU
		{CEC15D1F-8521-49FC-A7DD-F9975A312AAA}.Debug|Any CPU.ActiveCfg = Debug|Any CPU
		{CEC15D1F-8521-49FC-A7DD-F9975A312AAA}.Debug|Any CPU.Build.0 = Debug|Any CPU
		{CEC15D1F-8521-49FC-A7DD-F9975A312AAA}.Release|Any CPU.ActiveCfg = Release|Any CPU
		{CEC15D1F-8521-49FC-A7DD-F9975A312AAA}.Release|Any CPU.Build.0 = Release|Any CPU
		{0EF6BBC0-ADE8-4359-A2CB-B6971DE9581C}.Debug|Any CPU.ActiveCfg = Debug|Any CPU
		{0EF6BBC0-ADE8-4359-A2CB-B6971DE9581C}.Debug|Any CPU.Build.0 = Debug|Any CPU
		{0EF6BBC0-ADE8-4359-A2CB-B6971DE9581C}.Release|Any CPU.ActiveCfg = Release|Any CPU
		{0EF6BBC0-ADE8-4359-A2CB-B6971DE9581C}.Release|Any CPU.Build.0 = Release|Any CPU
		{A5ED600F-6B1D-4412-A36A-983EAD1E5FE5}.Debug|Any CPU.ActiveCfg = Debug|Any CPU
		{A5ED600F-6B1D-4412-A36A-983EAD1E5FE5}.Debug|Any CPU.Build.0 = Debug|Any CPU
		{A5ED600F-6B1D-4412-A36A-983EAD1E5FE5}.Release|Any CPU.ActiveCfg = Release|Any CPU
		{A5ED600F-6B1D-4412-A36A-983EAD1E5FE5}.Release|Any CPU.Build.0 = Release|Any CPU
		{7D5E3824-D2DF-4B4E-8A74-35EA2DD66E1B}.Debug|Any CPU.ActiveCfg = Debug|Any CPU
		{7D5E3824-D2DF-4B4E-8A74-35EA2DD66E1B}.Debug|Any CPU.Build.0 = Debug|Any CPU
		{7D5E3824-D2DF-4B4E-8A74-35EA2DD66E1B}.Release|Any CPU.ActiveCfg = Release|Any CPU
		{7D5E3824-D2DF-4B4E-8A74-35EA2DD66E1B}.Release|Any CPU.Build.0 = Release|Any CPU
		{982B65D3-9010-4007-B29C-F828F0479AE0}.Debug|Any CPU.ActiveCfg = Debug|Any CPU
		{982B65D3-9010-4007-B29C-F828F0479AE0}.Debug|Any CPU.Build.0 = Debug|Any CPU
		{982B65D3-9010-4007-B29C-F828F0479AE0}.Release|Any CPU.ActiveCfg = Release|Any CPU
		{982B65D3-9010-4007-B29C-F828F0479AE0}.Release|Any CPU.Build.0 = Release|Any CPU
	EndGlobalSection
	GlobalSection(SolutionProperties) = preSolution
		HideSolutionNode = FALSE
	EndGlobalSection
	GlobalSection(NestedProjects) = preSolution
		{7D5E3824-D2DF-4B4E-8A74-35EA2DD66E1B} = {0120FAFE-F103-47AF-B532-C370670F6729}
		{982B65D3-9010-4007-B29C-F828F0479AE0} = {0120FAFE-F103-47AF-B532-C370670F6729}
	EndGlobalSection
	GlobalSection(ExtensibilityGlobals) = postSolution
		SolutionGuid = {789C884E-D814-461B-89BE-A1DF1A3FB2C4}
	EndGlobalSection
EndGlobal
